{
  "nodes": {
    "aagl": {
      "inputs": {
        "flake-compat": "flake-compat",
        "nixpkgs": [
          "nixpkgs"
        ],
        "rust-overlay": "rust-overlay"
      },
      "locked": {
        "lastModified": 1787517695,
        "narHash": "sha256-Z119G3qLJx22frNHO3/seMs7fCCvxe9NJJRfN4Jadew=",
        "owner": "ezKEa",
        "repo": "aagl-gtk-on-nix",
        "rev": "4bb57072d963aa47f14894383a5560cf290e296a",
        "type": "github"
      },
      "original": {
        "owner": "ezKEa",
        "repo": "aagl-gtk-on-nix",
        "type": "github"
      }
    },
    "flake-compat": {
      "flake": false,
      "locked": {
        "lastModified": 1767039857,
        "narHash": "sha256-vNpUSpF5Nuw8xvDLj2KCwwksIbjua2LZCqhV1LNRDns=",
        "owner": "edolstra",
        "repo": "flake-compat",
        "rev": "5edf11c44bc78a0d334f6334cdaf7d60d732daab",
        "type": "github"
      },
      "original": {
        "owner": "edolstra",
        "repo": "flake-compat",
        "type": "github"
      }
    },
    "home-manager": {
      "inputs": {
        "nixpkgs": [
          "nixpkgs"
        ]
      },
      "locked": {
        "lastModified": 1782657028,
        "narHash": "sha256-PHTCpYZCMzJYS3phhywqRAZphKVr2zjvlGYa+H20ZZ4=",
        "owner": "nix-community",
        "repo": "home-manager",
        "rev": "4ad9aaae70c9aaab504127f926c0fa9cfbc2b365",
        "type": "github"
      },
      "original": {
        "owner": "nix-community",
        "repo": "home-manager",
        "type": "github"
      }
    },
    "nixpkgs": {
      "locked": {
        "lastModified": 1781577229,
        "narHash": "sha256-lrp67w8AulE9Ks53n27I45ADSzbOCn4H+CNW1Ck8B+8=",
        "owner": "NixOS",
        "repo": "nixpkgs",
        "rev": "567a49d1913ce81ac6e9582e3553dd90a955875f",
        "type": "github"
      },
      "original": {
        "owner": "NixOS",
        "ref": "nixos-unstable",
        "repo": "nixpkgs",
        "type": "github"
      }
    },
    "root": {
      "inputs": {
        "aagl": "aagl",
        "home-manager": "home-manager",
        "nixpkgs": "nixpkgs",
        "thorium": "thorium",
        "zen-browser": "zen-browser"
      }
    },
    "rust-overlay": {
      "inputs": {
        "nixpkgs": [
          "aagl",
          "nixpkgs"
        ]
      },
      "locked": {
        "lastModified": 1785476452,
        "narHash": "sha256-/CXwCFPS41rb/JI2VitKCgVK6V5E6/sfw5ke3B9zyVQ=",
        "owner": "oxalica",
        "repo": "rust-overlay",
        "rev": "6ef009bf4c4873cdc1a621826722bdea7c03e62c",
        "type": "github"
      },
      "original": {
        "owner": "oxalica",
        "repo": "rust-overlay",
        "type": "github"
      }
    },
    "thorium": {
      "inputs": {
        "nixpkgs": [
          "nixpkgs"
        ]
      },
      "locked": {
        "lastModified": 1778638427,
        "narHash": "sha256-aje+PAsZBOjr437/imhIyDSIR6WoqWwMzwmnRhEgfxU=",
        "owner": "Rishabh5321",
        "repo": "thorium_flake",
        "rev": "262fef20a18fecf7cd0229259ebba3083b19b908",
        "type": "github"
      },
      "original": {
        "owner": "Rishabh5321",
        "repo": "thorium_flake",
        "type": "github"
      }
    },
    "zen-browser": {
      "inputs": {
        "nixpkgs": [
          "nixpkgs"
        ]
      },
      "locked": {
        "lastModified": 1781847955,
        "narHash": "sha256-1OSYOGuJp/NoODmSHjsz+6TB/kSilJ+BsFihjY7TTnc=",
        "owner": "youwen5",
        "repo": "zen-browser-flake",
        "rev": "4bca251cd556677f7b765ff324d1638ae215be13",
        "type": "github"
      },
      "original": {
        "owner": "youwen5",
        "repo": "zen-browser-flake",
        "type": "github"
      }
    }
  },
  "root": "root",
  "version": 7
}
